
Microsoft Visual Studio Solution File, Format Version 12.00
# Visual Studio Version 17
VisualStudioVersion = 17.11.35312.102
MinimumVisualStudioVersion = 10.0.40219.1
Project("{FAE04EC0-301F-11D3-BF4B-00C04F79EFBC}") = "WebApplication2", "WebApplication2\WebApplication2.csproj", "{600F2D2A-25D7-414D-88E2-F4C079636A8B}"
EndProject
Global
	GlobalSection(SolutionConfigurationPlatforms) = preSolution
		Debug|Any CPU = Debug|Any CPU
		Release|Any CPU = Release|Any CPU
	EndGlobalSection
	GlobalSection(ProjectConfigurationPlatforms) = postSolution
		{600F2D2A-25D7-414D-88E2-F4C079636A8B}.Debug|Any CPU.ActiveCfg = Debug|Any CPU
		{600F2D2A-25D7-414D-88E2-F4C079636A8B}.Debug|Any CPU.Build.0 = Debug|Any CPU
		{600F2D2A-25D7-414D-88E2-F4C079636A8B}.Release|Any CPU.ActiveCfg = Release|Any CPU
		{600F2D2A-25D7-414D-88E2-F4C079636A8B}.Release|Any CPU.Build.0 = Release|Any CPU
	EndGlobalSection
	GlobalSection(SolutionProperties) = preSolution
		HideSolutionNode = FALSE
	EndGlobalSection
	GlobalSection(ExtensibilityGlobals) = postSolution
		SolutionGuid = {E2D116E5-3846-4BC8-849E-54DBB0E269BD}
	EndGlobalSection
EndGlobal
